
Microsoft Visual Studio Solution File, Format Version 11.00
# Visual Studio 2010
Project("{FAE04EC0-301F-11D3-BF4B-00C04F79EFBC}") = "Assembly-CSharp", "Assembly-CSharp.csproj", "{c7733615-9bee-68d0-a52b-fc98a9eb1bf1}"
EndProject
Project("{FAE04EC0-301F-11D3-BF4B-00C04F79EFBC}") = "Assembly-CSharp-Editor", "Assembly-CSharp-Editor.csproj", "{3d20e42d-cacf-b193-9aa7-260d30e95f3f}"
EndProject
Global
	GlobalSection(SolutionConfigurationPlatforms) = preSolution
		Debug|Any CPU = Debug|Any CPU
	EndGlobalSection
	GlobalSection(ProjectConfigurationPlatforms) = postSolution
		{c7733615-9bee-68d0-a52b-fc98a9eb1bf1}.Debug|Any CPU.ActiveCfg = Debug|Any CPU
		{c7733615-9bee-68d0-a52b-fc98a9eb1bf1}.Debug|Any CPU.Build.0 = Debug|Any CPU
		{3d20e42d-cacf-b193-9aa7-260d30e95f3f}.Debug|Any CPU.ActiveCfg = Debug|Any CPU
		{3d20e42d-cacf-b193-9aa7-260d30e95f3f}.Debug|Any CPU.Build.0 = Debug|Any CPU
	EndGlobalSection
	GlobalSection(SolutionProperties) = preSolution
		HideSolutionNode = FALSE
	EndGlobalSection
EndGlobal
